{
  "object": {
    "pins": [
      {
        "package": "Difference",
        "repositoryURL": "https://github.com/krzysztofzablocki/Difference.git",
        "state": {
          "branch": null,
          "revision": "02fe1111edc8318c4f8a0da96336fcbcc201f38b",
          "version": "1.0.1"
        }
      }
    ]
  },
  "version": 1
}
